
Microsoft Visual Studio Solution File, Format Version 12.00
# Visual Studio Version 16
VisualStudioVersion = 16.0.29613.14
MinimumVisualStudioVersion = 10.0.40219.1
Project("{FAE04EC0-301F-11D3-BF4B-00C04F79EFBC}") = "PracLis.cs", "PracLis.cs\PracLis.cs.csproj", "{DE5CD12F-5784-4398-9AB8-83B62B5564AB}"
EndProject
Global
	GlobalSection(SolutionConfigurationPlatforms) = preSolution
		Debug|Any CPU = Debug|Any CPU
		Release|Any CPU = Release|Any CPU
	EndGlobalSection
	GlobalSection(ProjectConfigurationPlatforms) = postSolution
		{DE5CD12F-5784-4398-9AB8-83B62B5564AB}.Debug|Any CPU.ActiveCfg = Debug|Any CPU
		{DE5CD12F-5784-4398-9AB8-83B62B5564AB}.Debug|Any CPU.Build.0 = Debug|Any CPU
		{DE5CD12F-5784-4398-9AB8-83B62B5564AB}.Release|Any CPU.ActiveCfg = Release|Any CPU
		{DE5CD12F-5784-4398-9AB8-83B62B5564AB}.Release|Any CPU.Build.0 = Release|Any CPU
	EndGlobalSection
	GlobalSection(SolutionProperties) = preSolution
		HideSolutionNode = FALSE
	EndGlobalSection
	GlobalSection(ExtensibilityGlobals) = postSolution
		SolutionGuid = {5542D1F6-3A89-48AE-8127-08C680BCEC70}
	EndGlobalSection
EndGlobal
